// !$*UTF8*$!
{
	archiveVersion = 1;
	classes = {
	};
	objectVersion = 46;
	objects = {

/* Begin PBXBuildFile section */
		5B3C31D11A10EE6300B1351A /* main.m in Sources */ = {isa = PBXBuildFile; fileRef = 5B3C31D01A10EE6300B1351A /* main.m */; };
		5B3C31D41A10EE6300B1351A /* AppDelegate.m in Sources */ = {isa = PBXBuildFile; fileRef = 5B3C31D31A10EE6300B1351A /* AppDelegate.m */; };
		5B3C31D71A10EE6300B1351A /* ViewController.m in Sources */ = {isa = PBXBuildFile; fileRef = 5B3C31D61A10EE6300B1351A /* ViewController.m */; };
		5B3C31DA1A10EE6300B1351A /* Main.storyboard in Resources */ = {isa = PBXBuildFile; fileRef = 5B3C31D81A10EE6300B1351A /* Main.storyboard */; };
		5B3C31DC1A10EE6300B1351A /* Images.xcassets in Resources */ = {isa = PBXBuildFile; fileRef = 5B3C31DB1A10EE6300B1351A /* Images.xcassets */; };
		5B3C31DF1A10EE6300B1351A /* LaunchScreen.xib in Resources */ = {isa = PBXBuildFile; fileRef = 5B3C31DD1A10EE6300B1351A /* LaunchScreen.xib */; };
		5B3C31EB1A10EE6300B1351A /* RadarTests.m in Sources */ = {isa = PBXBuildFile; fileRef = 5B3C31EA1A10EE6300B1351A /* RadarTests.m */; };
		5B3C31F61A110A1700B1351A /* CoolCell.m in Sources */ = {isa = PBXBuildFile; fileRef = 5B3C31F51A110A1700B1351A /* CoolCell.m */; };
		5BA3450C1A1218E100C86111 /* libais.h in Sources */ = {isa = PBXBuildFile; fileRef = 5BA3450B1A1218E100C86111 /* libais.h */; };
		5BA3450E1A1218F700C86111 /* libais.c in Sources */ = {isa = PBXBuildFile; fileRef = 5BA3450D1A1218F700C86111 /* libais.c */; };
		5BA345171A12192000C86111 /* bits.c in Sources */ = {isa = PBXBuildFile; fileRef = 5BA3450F1A12192000C86111 /* bits.c */; };
		5BA345181A12192000C86111 /* bits.h in Sources */ = {isa = PBXBuildFile; fileRef = 5BA345101A12192000C86111 /* bits.h */; };
		5BA345191A12192000C86111 /* driver_ais.c in Sources */ = {isa = PBXBuildFile; fileRef = 5BA345111A12192000C86111 /* driver_ais.c */; };
		5BA3451A1A12192000C86111 /* gps_json.h in Sources */ = {isa = PBXBuildFile; fileRef = 5BA345121A12192000C86111 /* gps_json.h */; };
		5BA3451B1A12192000C86111 /* gps.h in Sources */ = {isa = PBXBuildFile; fileRef = 5BA345131A12192000C86111 /* gps.h */; };
		5BA3451C1A12192000C86111 /* gpsd_json.c in Sources */ = {isa = PBXBuildFile; fileRef = 5BA345141A12192000C86111 /* gpsd_json.c */; };
		5BA3451D1A12192000C86111 /* gpsd.h in Sources */ = {isa = PBXBuildFile; fileRef = 5BA345151A12192000C86111 /* gpsd.h */; };
		5BA3451E1A12192000C86111 /* json.h in Sources */ = {isa = PBXBuildFile; fileRef = 5BA345161A12192000C86111 /* json.h */; };
/* End PBXBuildFile section */

/* Begin PBXContainerItemProxy section */
		5B3C31E51A10EE6300B1351A /* PBXContainerItemProxy */ = {
			isa = PBXContainerItemProxy;
			containerPortal = 5B3C31C31A10EE6300B1351A /* Project object */;
			proxyType = 1;
			remoteGlobalIDString = 5B3C31CA1A10EE6300B1351A;
			remoteInfo = Radar;
		};
/* End PBXContainerItemProxy section */

/* Begin PBXFileReference section */
		5B3C31CB1A10EE6300B1351A /* Radar.app */ = {isa = PBXFileReference; explicitFileType = wrapper.application; includeInIndex = 0; path = Radar.app; sourceTree = BUILT_PRODUCTS_DIR; };
		5B3C31CF1A10EE6300B1351A /* Info.plist */ = {isa = PBXFileReference; lastKnownFileType = text.plist.xml; path = Info.plist; sourceTree = "<group>"; };
		5B3C31D01A10EE6300B1351A /* main.m */ = {isa = PBXFileReference; lastKnownFileType = sourcecode.c.objc; path = main.m; sourceTree = "<group>"; };
		5B3C31D21A10EE6300B1351A /* AppDelegate.h */ = {isa = PBXFileReference; lastKnownFileType = sourcecode.c.h; path = AppDelegate.h; sourceTree = "<group>"; };
		5B3C31D31A10EE6300B1351A /* AppDelegate.m */ = {isa = PBXFileReference; lastKnownFileType = sourcecode.c.objc; path = AppDelegate.m; sourceTree = "<group>"; };
		5B3C31D51A10EE6300B1351A /* ViewController.h */ = {isa = PBXFileReference; lastKnownFileType = sourcecode.c.h; path = ViewController.h; sourceTree = "<group>"; };
		5B3C31D61A10EE6300B1351A /* ViewController.m */ = {isa = PBXFileReference; lastKnownFileType = sourcecode.c.objc; path = ViewController.m; sourceTree = "<group>"; };
		5B3C31D91A10EE6300B1351A /* Base */ = {isa = PBXFileReference; lastKnownFileType = file.storyboard; name = Base; path = Base.lproj/Main.storyboard; sourceTree = "<group>"; };
		5B3C31DB1A10EE6300B1351A /* Images.xcassets */ = {isa = PBXFileReference; lastKnownFileType = folder.assetcatalog; path = Images.xcassets; sourceTree = "<group>"; };
		5B3C31DE1A10EE6300B1351A /* Base */ = {isa = PBXFileReference; lastKnownFileType = file.xib; name = Base; path = Base.lproj/LaunchScreen.xib; sourceTree = "<group>"; };
		5B3C31E41A10EE6300B1351A /* RadarTests.xctest */ = {isa = PBXFileReference; explicitFileType = wrapper.cfbundle; includeInIndex = 0; path = RadarTests.xctest; sourceTree = BUILT_PRODUCTS_DIR; };
		5B3C31E91A10EE6300B1351A /* Info.plist */ = {isa = PBXFileReference; lastKnownFileType = text.plist.xml; path = Info.plist; sourceTree = "<group>"; };
		5B3C31EA1A10EE6300B1351A /* RadarTests.m */ = {isa = PBXFileReference; lastKnownFileType = sourcecode.c.objc; path = RadarTests.m; sourceTree = "<group>"; };
		5B3C31F41A110A1700B1351A /* CoolCell.h */ = {isa = PBXFileReference; fileEncoding = 4; lastKnownFileType = sourcecode.c.h; path = CoolCell.h; sourceTree = "<group>"; };
		5B3C31F51A110A1700B1351A /* CoolCell.m */ = {isa = PBXFileReference; fileEncoding = 4; lastKnownFileType = sourcecode.c.objc; path = CoolCell.m; sourceTree = "<group>"; };
		5BA3450B1A1218E100C86111 /* libais.h */ = {isa = PBXFileReference; lastKnownFileType = sourcecode.c.h; name = libais.h; path = libais/libais/libais/libais.h; sourceTree = "<group>"; };
		5BA3450D1A1218F700C86111 /* libais.c */ = {isa = PBXFileReference; lastKnownFileType = sourcecode.c.c; name = libais.c; path = libais/libais/libais/libais.c; sourceTree = "<group>"; };
		5BA3450F1A12192000C86111 /* bits.c */ = {isa = PBXFileReference; lastKnownFileType = sourcecode.c.c; name = bits.c; path = libais/libais/libais/bits.c; sourceTree = "<group>"; };
		5BA345101A12192000C86111 /* bits.h */ = {isa = PBXFileReference; lastKnownFileType = sourcecode.c.h; name = bits.h; path = libais/libais/libais/bits.h; sourceTree = "<group>"; };
		5BA345111A12192000C86111 /* driver_ais.c */ = {isa = PBXFileReference; lastKnownFileType = sourcecode.c.c; name = driver_ais.c; path = libais/libais/libais/driver_ais.c; sourceTree = "<group>"; };
		5BA345121A12192000C86111 /* gps_json.h */ = {isa = PBXFileReference; lastKnownFileType = sourcecode.c.h; name = gps_json.h; path = libais/libais/libais/gps_json.h; sourceTree = "<group>"; };
		5BA345131A12192000C86111 /* gps.h */ = {isa = PBXFileReference; lastKnownFileType = sourcecode.c.h; name = gps.h; path = libais/libais/libais/gps.h; sourceTree = "<group>"; };
		5BA345141A12192000C86111 /* gpsd_json.c */ = {isa = PBXFileReference; lastKnownFileType = sourcecode.c.c; name = gpsd_json.c; path = libais/libais/libais/gpsd_json.c; sourceTree = "<group>"; };
		5BA345151A12192000C86111 /* gpsd.h */ = {isa = PBXFileReference; lastKnownFileType = sourcecode.c.h; name = gpsd.h; path = libais/libais/libais/gpsd.h; sourceTree = "<group>"; };
		5BA345161A12192000C86111 /* json.h */ = {isa = PBXFileReference; lastKnownFileType = sourcecode.c.h; name = json.h; path = libais/libais/libais/json.h; sourceTree = "<group>"; };
		5BFB97871A1163D000F61C9B /* README.md */ = {isa = PBXFileReference; fileEncoding = 4; lastKnownFileType = net.daringfireball.markdown; path = README.md; sourceTree = "<group>"; };
/* End PBXFileReference section */

/* Begin PBXFrameworksBuildPhase section */
		5B3C31C81A10EE6300B1351A /* Frameworks */ = {
			isa = PBXFrameworksBuildPhase;
			buildActionMask = 2147483647;
			files = (
			);
			runOnlyForDeploymentPostprocessing = 0;
		};
		5B3C31E11A10EE6300B1351A /* Frameworks */ = {
			isa = PBXFrameworksBuildPhase;
			buildActionMask = 2147483647;
			files = (
			);
			runOnlyForDeploymentPostprocessing = 0;
		};
/* End PBXFrameworksBuildPhase section */

/* Begin PBXGroup section */
		5B3C31C21A10EE6300B1351A = {
			isa = PBXGroup;
			children = (
				5BA3451F1A12192A00C86111 /* libais */,
				5BFB97871A1163D000F61C9B /* README.md */,
				5B3C31CD1A10EE6300B1351A /* Radar */,
				5B3C31E71A10EE6300B1351A /* RadarTests */,
				5B3C31CC1A10EE6300B1351A /* Products */,
			);
			sourceTree = "<group>";
		};
		5B3C31CC1A10EE6300B1351A /* Products */ = {
			isa = PBXGroup;
			children = (
				5B3C31CB1A10EE6300B1351A /* Radar.app */,
				5B3C31E41A10EE6300B1351A /* RadarTests.xctest */,
			);
			name = Products;
			sourceTree = "<group>";
		};
		5B3C31CD1A10EE6300B1351A /* Radar */ = {
			isa = PBXGroup;
			children = (
				5B3C31D21A10EE6300B1351A /* AppDelegate.h */,
				5B3C31F41A110A1700B1351A /* CoolCell.h */,
				5B3C31F51A110A1700B1351A /* CoolCell.m */,
				5B3C31D31A10EE6300B1351A /* AppDelegate.m */,
				5B3C31D51A10EE6300B1351A /* ViewController.h */,
				5B3C31D61A10EE6300B1351A /* ViewController.m */,
				5B3C31D81A10EE6300B1351A /* Main.storyboard */,
				5B3C31DB1A10EE6300B1351A /* Images.xcassets */,
				5B3C31DD1A10EE6300B1351A /* LaunchScreen.xib */,
				5B3C31CE1A10EE6300B1351A /* Supporting Files */,
			);
			path = Radar;
			sourceTree = "<group>";
		};
		5B3C31CE1A10EE6300B1351A /* Supporting Files */ = {
			isa = PBXGroup;
			children = (
				5B3C31CF1A10EE6300B1351A /* Info.plist */,
				5B3C31D01A10EE6300B1351A /* main.m */,
			);
			name = "Supporting Files";
			sourceTree = "<group>";
		};
		5B3C31E71A10EE6300B1351A /* RadarTests */ = {
			isa = PBXGroup;
			children = (
				5B3C31EA1A10EE6300B1351A /* RadarTests.m */,
				5B3C31E81A10EE6300B1351A /* Supporting Files */,
			);
			path = RadarTests;
			sourceTree = "<group>";
		};
		5B3C31E81A10EE6300B1351A /* Supporting Files */ = {
			isa = PBXGroup;
			children = (
				5B3C31E91A10EE6300B1351A /* Info.plist */,
			);
			name = "Supporting Files";
			sourceTree = "<group>";
		};
		5BA3451F1A12192A00C86111 /* libais */ = {
			isa = PBXGroup;
			children = (
				5BA3450F1A12192000C86111 /* bits.c */,
				5BA345101A12192000C86111 /* bits.h */,
				5BA345111A12192000C86111 /* driver_ais.c */,
				5BA345121A12192000C86111 /* gps_json.h */,
				5BA345131A12192000C86111 /* gps.h */,
				5BA345141A12192000C86111 /* gpsd_json.c */,
				5BA345151A12192000C86111 /* gpsd.h */,
				5BA345161A12192000C86111 /* json.h */,
				5BA3450D1A1218F700C86111 /* libais.c */,
				5BA3450B1A1218E100C86111 /* libais.h */,
			);
			name = libais;
			sourceTree = "<group>";
		};
/* End PBXGroup section */

/* Begin PBXNativeTarget section */
		5B3C31CA1A10EE6300B1351A /* Radar */ = {
			isa = PBXNativeTarget;
			buildConfigurationList = 5B3C31EE1A10EE6300B1351A /* Build configuration list for PBXNativeTarget "Radar" */;
			buildPhases = (
				5B3C31C71A10EE6300B1351A /* Sources */,
				5B3C31C81A10EE6300B1351A /* Frameworks */,
				5B3C31C91A10EE6300B1351A /* Resources */,
			);
			buildRules = (
			);
			dependencies = (
			);
			name = Radar;
			productName = Radar;
			productReference = 5B3C31CB1A10EE6300B1351A /* Radar.app */;
			productType = "com.apple.product-type.application";
		};
		5B3C31E31A10EE6300B1351A /* RadarTests */ = {
			isa = PBXNativeTarget;
			buildConfigurationList = 5B3C31F11A10EE6300B1351A /* Build configuration list for PBXNativeTarget "RadarTests" */;
			buildPhases = (
				5B3C31E01A10EE6300B1351A /* Sources */,
				5B3C31E11A10EE6300B1351A /* Frameworks */,
				5B3C31E21A10EE6300B1351A /* Resources */,
			);
			buildRules = (
			);
			dependencies = (
				5B3C31E61A10EE6300B1351A /* PBXTargetDependency */,
			);
			name = RadarTests;
			productName = RadarTests;
			productReference = 5B3C31E41A10EE6300B1351A /* RadarTests.xctest */;
			productType = "com.apple.product-type.bundle.unit-test";
		};
/* End PBXNativeTarget section */

/* Begin PBXProject section */
		5B3C31C31A10EE6300B1351A /* Project object */ = {
			isa = PBXProject;
			attributes = {
				LastUpgradeCheck = 0610;
				ORGANIZATIONNAME = "JAKOTA Design Group";
				TargetAttributes = {
					5B3C31CA1A10EE6300B1351A = {
						CreatedOnToolsVersion = 6.1;
					};
					5B3C31E31A10EE6300B1351A = {
						CreatedOnToolsVersion = 6.1;
						TestTargetID = 5B3C31CA1A10EE6300B1351A;
					};
				};
			};
			buildConfigurationList = 5B3C31C61A10EE6300B1351A /* Build configuration list for PBXProject "Radar" */;
			compatibilityVersion = "Xcode 3.2";
			developmentRegion = English;
			hasScannedForEncodings = 0;
			knownRegions = (
				en,
				Base,
			);
			mainGroup = 5B3C31C21A10EE6300B1351A;
			productRefGroup = 5B3C31CC1A10EE6300B1351A /* Products */;
			projectDirPath = "";
			projectRoot = "";
			targets = (
				5B3C31CA1A10EE6300B1351A /* Radar */,
				5B3C31E31A10EE6300B1351A /* RadarTests */,
			);
		};
/* End PBXProject section */

/* Begin PBXResourcesBuildPhase section */
		5B3C31C91A10EE6300B1351A /* Resources */ = {
			isa = PBXResourcesBuildPhase;
			buildActionMask = 2147483647;
			files = (
				5B3C31DA1A10EE6300B1351A /* Main.storyboard in Resources */,
				5B3C31DF1A10EE6300B1351A /* LaunchScreen.xib in Resources */,
				5B3C31DC1A10EE6300B1351A /* Images.xcassets in Resources */,
			);
			runOnlyForDeploymentPostprocessing = 0;
		};
		5B3C31E21A10EE6300B1351A /* Resources */ = {
			isa = PBXResourcesBuildPhase;
			buildActionMask = 2147483647;
			files = (
			);
			runOnlyForDeploymentPostprocessing = 0;
		};
/* End PBXResourcesBuildPhase section */

/* Begin PBXSourcesBuildPhase section */
		5B3C31C71A10EE6300B1351A /* Sources */ = {
			isa = PBXSourcesBuildPhase;
			buildActionMask = 2147483647;
			files = (
				5BA345171A12192000C86111 /* bits.c in Sources */,
				5BA345181A12192000C86111 /* bits.h in Sources */,
				5BA345191A12192000C86111 /* driver_ais.c in Sources */,
				5BA3451A1A12192000C86111 /* gps_json.h in Sources */,
				5BA3451B1A12192000C86111 /* gps.h in Sources */,
				5BA3451C1A12192000C86111 /* gpsd_json.c in Sources */,
				5BA3451D1A12192000C86111 /* gpsd.h in Sources */,
				5BA3451E1A12192000C86111 /* json.h in Sources */,
				5BA3450E1A1218F700C86111 /* libais.c in Sources */,
				5BA3450C1A1218E100C86111 /* libais.h in Sources */,
				5B3C31D71A10EE6300B1351A /* ViewController.m in Sources */,
				5B3C31D41A10EE6300B1351A /* AppDelegate.m in Sources */,
				5B3C31F61A110A1700B1351A /* CoolCell.m in Sources */,
				5B3C31D11A10EE6300B1351A /* main.m in Sources */,
			);
			runOnlyForDeploymentPostprocessing = 0;
		};
		5B3C31E01A10EE6300B1351A /* Sources */ = {
			isa = PBXSourcesBuildPhase;
			buildActionMask = 2147483647;
			files = (
				5B3C31EB1A10EE6300B1351A /* RadarTests.m in Sources */,
			);
			runOnlyForDeploymentPostprocessing = 0;
		};
/* End PBXSourcesBuildPhase section */

/* Begin PBXTargetDependency section */
		5B3C31E61A10EE6300B1351A /* PBXTargetDependency */ = {
			isa = PBXTargetDependency;
			target = 5B3C31CA1A10EE6300B1351A /* Radar */;
			targetProxy = 5B3C31E51A10EE6300B1351A /* PBXContainerItemProxy */;
		};
/* End PBXTargetDependency section */

/* Begin PBXVariantGroup section */
		5B3C31D81A10EE6300B1351A /* Main.storyboard */ = {
			isa = PBXVariantGroup;
			children = (
				5B3C31D91A10EE6300B1351A /* Base */,
			);
			name = Main.storyboard;
			sourceTree = "<group>";
		};
		5B3C31DD1A10EE6300B1351A /* LaunchScreen.xib */ = {
			isa = PBXVariantGroup;
			children = (
				5B3C31DE1A10EE6300B1351A /* Base */,
			);
			name = LaunchScreen.xib;
			sourceTree = "<group>";
		};
/* End PBXVariantGroup section */

/* Begin XCBuildConfiguration section */
		5B3C31EC1A10EE6300B1351A /* Debug */ = {
			isa = XCBuildConfiguration;
			buildSettings = {
				ALWAYS_SEARCH_USER_PATHS = NO;
				CLANG_CXX_LANGUAGE_STANDARD = "gnu++0x";
				CLANG_CXX_LIBRARY = "libc++";
				CLANG_ENABLE_MODULES = YES;
				CLANG_ENABLE_OBJC_ARC = YES;
				CLANG_WARN_BOOL_CONVERSION = YES;
				CLANG_WARN_CONSTANT_CONVERSION = YES;
				CLANG_WARN_DIRECT_OBJC_ISA_USAGE = YES_ERROR;
				CLANG_WARN_EMPTY_BODY = YES;
				CLANG_WARN_ENUM_CONVERSION = YES;
				CLANG_WARN_INT_CONVERSION = YES;
				CLANG_WARN_OBJC_ROOT_CLASS = YES_ERROR;
				CLANG_WARN_UNREACHABLE_CODE = YES;
				CLANG_WARN__DUPLICATE_METHOD_MATCH = YES;
				"CODE_SIGN_IDENTITY[sdk=iphoneos*]" = "iPhone Developer";
				COPY_PHASE_STRIP = NO;
				ENABLE_STRICT_OBJC_MSGSEND = YES;
				GCC_C_LANGUAGE_STANDARD = gnu99;
				GCC_DYNAMIC_NO_PIC = NO;
				GCC_OPTIMIZATION_LEVEL = 0;
				GCC_PREPROCESSOR_DEFINITIONS = (
					"DEBUG=1",
					"$(inherited)",
				);
				GCC_SYMBOLS_PRIVATE_EXTERN = NO;
				GCC_WARN_64_TO_32_BIT_CONVERSION = YES;
				GCC_WARN_ABOUT_RETURN_TYPE = YES_ERROR;
				GCC_WARN_UNDECLARED_SELECTOR = YES;
				GCC_WARN_UNINITIALIZED_AUTOS = YES_AGGRESSIVE;
				GCC_WARN_UNUSED_FUNCTION = YES;
				GCC_WARN_UNUSED_VARIABLE = YES;
				IPHONEOS_DEPLOYMENT_TARGET = 8.1;
				LIBRARY_SEARCH_PATHS = "libais/**";
				MTL_ENABLE_DEBUG_INFO = YES;
				ONLY_ACTIVE_ARCH = YES;
				SDKROOT = iphoneos;
				TARGETED_DEVICE_FAMILY = "1,2";
			};
			name = Debug;
		};
		5B3C31ED1A10EE6300B1351A /* Release */ = {
			isa = XCBuildConfiguration;
			buildSettings = {
				ALWAYS_SEARCH_USER_PATHS = NO;
				CLANG_CXX_LANGUAGE_STANDARD = "gnu++0x";
				CLANG_CXX_LIBRARY = "libc++";
				CLANG_ENABLE_MODULES = YES;
				CLANG_ENABLE_OBJC_ARC = YES;
				CLANG_WARN_BOOL_CONVERSION = YES;
				CLANG_WARN_CONSTANT_CONVERSION = YES;
				CLANG_WARN_DIRECT_OBJC_ISA_USAGE = YES_ERROR;
				CLANG_WARN_EMPTY_BODY = YES;
				CLANG_WARN_ENUM_CONVERSION = YES;
				CLANG_WARN_INT_CONVERSION = YES;
				CLANG_WARN_OBJC_ROOT_CLASS = YES_ERROR;
				CLANG_WARN_UNREACHABLE_CODE = YES;
				CLANG_WARN__DUPLICATE_METHOD_MATCH = YES;
				"CODE_SIGN_IDENTITY[sdk=iphoneos*]" = "iPhone Developer";
				COPY_PHASE_STRIP = YES;
				ENABLE_NS_ASSERTIONS = NO;
				ENABLE_STRICT_OBJC_MSGSEND = YES;
				GCC_C_LANGUAGE_STANDARD = gnu99;
				GCC_WARN_64_TO_32_BIT_CONVERSION = YES;
				GCC_WARN_ABOUT_RETURN_TYPE = YES_ERROR;
				GCC_WARN_UNDECLARED_SELECTOR = YES;
				GCC_WARN_UNINITIALIZED_AUTOS = YES_AGGRESSIVE;
				GCC_WARN_UNUSED_FUNCTION = YES;
				GCC_WARN_UNUSED_VARIABLE = YES;
				IPHONEOS_DEPLOYMENT_TARGET = 8.1;
				LIBRARY_SEARCH_PATHS = "libais/**";
				MTL_ENABLE_DEBUG_INFO = NO;
				SDKROOT = iphoneos;
				TARGETED_DEVICE_FAMILY = "1,2";
				VALIDATE_PRODUCT = YES;
			};
			name = Release;
		};
		5B3C31EF1A10EE6300B1351A /* Debug */ = {
			isa = XCBuildConfiguration;
			buildSettings = {
				ASSETCATALOG_COMPILER_APPICON_NAME = AppIcon;
				INFOPLIST_FILE = Radar/Info.plist;
				LD_RUNPATH_SEARCH_PATHS = "$(inherited) @executable_path/Frameworks";
				PRODUCT_NAME = "$(TARGET_NAME)";
				USER_HEADER_SEARCH_PATHS = "libais/**";
			};
			name = Debug;
		};
		5B3C31F01A10EE6300B1351A /* Release */ = {
			isa = XCBuildConfiguration;
			buildSettings = {
				ASSETCATALOG_COMPILER_APPICON_NAME = AppIcon;
				INFOPLIST_FILE = Radar/Info.plist;
				LD_RUNPATH_SEARCH_PATHS = "$(inherited) @executable_path/Frameworks";
				PRODUCT_NAME = "$(TARGET_NAME)";
				USER_HEADER_SEARCH_PATHS = "libais/**";
			};
			name = Release;
		};
		5B3C31F21A10EE6300B1351A /* Debug */ = {
			isa = XCBuildConfiguration;
			buildSettings = {
				BUNDLE_LOADER = "$(TEST_HOST)";
				FRAMEWORK_SEARCH_PATHS = (
					"$(SDKROOT)/Developer/Library/Frameworks",
					"$(inherited)",
				);
				GCC_PREPROCESSOR_DEFINITIONS = (
					"DEBUG=1",
					"$(inherited)",
				);
				INFOPLIST_FILE = RadarTests/Info.plist;
				LD_RUNPATH_SEARCH_PATHS = "$(inherited) @executable_path/Frameworks @loader_path/Frameworks";
				PRODUCT_NAME = "$(TARGET_NAME)";
				TEST_HOST = "$(BUILT_PRODUCTS_DIR)/Radar.app/Radar";
			};
			name = Debug;
		};
		5B3C31F31A10EE6300B1351A /* Release */ = {
			isa = XCBuildConfiguration;
			buildSettings = {
				BUNDLE_LOADER = "$(TEST_HOST)";
				FRAMEWORK_SEARCH_PATHS = (
					"$(SDKROOT)/Developer/Library/Frameworks",
					"$(inherited)",
				);
				INFOPLIST_FILE = RadarTests/Info.plist;
				LD_RUNPATH_SEARCH_PATHS = "$(inherited) @executable_path/Frameworks @loader_path/Frameworks";
				PRODUCT_NAME = "$(TARGET_NAME)";
				TEST_HOST = "$(BUILT_PRODUCTS_DIR)/Radar.app/Radar";
			};
			name = Release;
		};
/* End XCBuildConfiguration section */

/* Begin XCConfigurationList section */
		5B3C31C61A10EE6300B1351A /* Build configuration list for PBXProject "Radar" */ = {
			isa = XCConfigurationList;
			buildConfigurations = (
				5B3C31EC1A10EE6300B1351A /* Debug */,
				5B3C31ED1A10EE6300B1351A /* Release */,
			);
			defaultConfigurationIsVisible = 0;
			defaultConfigurationName = Release;
		};
		5B3C31EE1A10EE6300B1351A /* Build configuration list for PBXNativeTarget "Radar" */ = {
			isa = XCConfigurationList;
			buildConfigurations = (
				5B3C31EF1A10EE6300B1351A /* Debug */,
				5B3C31F01A10EE6300B1351A /* Release */,
			);
			defaultConfigurationIsVisible = 0;
			defaultConfigurationName = Release;
		};
		5B3C31F11A10EE6300B1351A /* Build configuration list for PBXNativeTarget "RadarTests" */ = {
			isa = XCConfigurationList;
			buildConfigurations = (
				5B3C31F21A10EE6300B1351A /* Debug */,
				5B3C31F31A10EE6300B1351A /* Release */,
			);
			defaultConfigurationIsVisible = 0;
			defaultConfigurationName = Release;
		};
/* End XCConfigurationList section */
	};
	rootObject = 5B3C31C31A10EE6300B1351A /* Project object */;
}
